
Microsoft Visual Studio Solution File, Format Version 12.00
# Visual Studio Version 17
VisualStudioVersion = 17.7.34031.279
MinimumVisualStudioVersion = 10.0.40219.1
Project("{FAE04EC0-301F-11D3-BF4B-00C04F79EFBC}") = "BaiTapBuoi3", "BaiTapBuoi3\BaiTapBuoi3.csproj", "{4797EBFD-9034-4F3A-A4E0-4C7B70C86967}"
EndProject
Global
	GlobalSection(SolutionConfigurationPlatforms) = preSolution
		Debug|Any CPU = Debug|Any CPU
		Release|Any CPU = Release|Any CPU
	EndGlobalSection
	GlobalSection(ProjectConfigurationPlatforms) = postSolution
		{4797EBFD-9034-4F3A-A4E0-4C7B70C86967}.Debug|Any CPU.ActiveCfg = Debug|Any CPU
		{4797EBFD-9034-4F3A-A4E0-4C7B70C86967}.Debug|Any CPU.Build.0 = Debug|Any CPU
		{4797EBFD-9034-4F3A-A4E0-4C7B70C86967}.Release|Any CPU.ActiveCfg = Release|Any CPU
		{4797EBFD-9034-4F3A-A4E0-4C7B70C86967}.Release|Any CPU.Build.0 = Release|Any CPU
	EndGlobalSection
	GlobalSection(SolutionProperties) = preSolution
		HideSolutionNode = FALSE
	EndGlobalSection
	GlobalSection(ExtensibilityGlobals) = postSolution
		SolutionGuid = {E044E5AD-0285-4DED-B52C-7DC93CA5A83A}
	EndGlobalSection
EndGlobal
