
Microsoft Visual Studio Solution File, Format Version 12.00
# Visual Studio Version 17
VisualStudioVersion = 17.7.34031.279
MinimumVisualStudioVersion = 10.0.40219.1
Project("{FAE04EC0-301F-11D3-BF4B-00C04F79EFBC}") = "Gui_QLSV", "Gui_QLSV\Gui_QLSV.csproj", "{F7889EC0-DF76-4890-A95E-29E203B298B1}"
EndProject
Project("{FAE04EC0-301F-11D3-BF4B-00C04F79EFBC}") = "BLLQLSV", "BLLQuanLySinhVien\BLLQLSV.csproj", "{E1CB669A-3564-4426-A6B3-75C2E698E6EA}"
EndProject
Project("{FAE04EC0-301F-11D3-BF4B-00C04F79EFBC}") = "DALQLSV", "DALQLSV\DALQLSV.csproj", "{6A1A306D-6867-48E0-A4A6-CC95A876D420}"
EndProject
Project("{FAE04EC0-301F-11D3-BF4B-00C04F79EFBC}") = "DTOQLSV", "DTOQLSV\DTOQLSV.csproj", "{BD6199F6-EFA2-4BF4-9DAE-173831873AE6}"
EndProject
Project("{FAE04EC0-301F-11D3-BF4B-00C04F79EFBC}") = "SinhVienformGui", "SinhVienformGui\SinhVienformGui.csproj", "{C4BABE3A-5995-46FE-83F4-6F7D23B49296}"
EndProject
Global
	GlobalSection(SolutionConfigurationPlatforms) = preSolution
		Debug|Any CPU = Debug|Any CPU
		Release|Any CPU = Release|Any CPU
	EndGlobalSection
	GlobalSection(ProjectConfigurationPlatforms) = postSolution
		{F7889EC0-DF76-4890-A95E-29E203B298B1}.Debug|Any CPU.ActiveCfg = Debug|Any CPU
		{F7889EC0-DF76-4890-A95E-29E203B298B1}.Debug|Any CPU.Build.0 = Debug|Any CPU
		{F7889EC0-DF76-4890-A95E-29E203B298B1}.Release|Any CPU.ActiveCfg = Release|Any CPU
		{F7889EC0-DF76-4890-A95E-29E203B298B1}.Release|Any CPU.Build.0 = Release|Any CPU
		{E1CB669A-3564-4426-A6B3-75C2E698E6EA}.Debug|Any CPU.ActiveCfg = Debug|Any CPU
		{E1CB669A-3564-4426-A6B3-75C2E698E6EA}.Debug|Any CPU.Build.0 = Debug|Any CPU
		{E1CB669A-3564-4426-A6B3-75C2E698E6EA}.Release|Any CPU.ActiveCfg = Release|Any CPU
		{E1CB669A-3564-4426-A6B3-75C2E698E6EA}.Release|Any CPU.Build.0 = Release|Any CPU
		{6A1A306D-6867-48E0-A4A6-CC95A876D420}.Debug|Any CPU.ActiveCfg = Debug|Any CPU
		{6A1A306D-6867-48E0-A4A6-CC95A876D420}.Debug|Any CPU.Build.0 = Debug|Any CPU
		{6A1A306D-6867-48E0-A4A6-CC95A876D420}.Release|Any CPU.ActiveCfg = Release|Any CPU
		{6A1A306D-6867-48E0-A4A6-CC95A876D420}.Release|Any CPU.Build.0 = Release|Any CPU
		{BD6199F6-EFA2-4BF4-9DAE-173831873AE6}.Debug|Any CPU.ActiveCfg = Debug|Any CPU
		{BD6199F6-EFA2-4BF4-9DAE-173831873AE6}.Debug|Any CPU.Build.0 = Debug|Any CPU
		{BD6199F6-EFA2-4BF4-9DAE-173831873AE6}.Release|Any CPU.ActiveCfg = Release|Any CPU
		{BD6199F6-EFA2-4BF4-9DAE-173831873AE6}.Release|Any CPU.Build.0 = Release|Any CPU
		{C4BABE3A-5995-46FE-83F4-6F7D23B49296}.Debug|Any CPU.ActiveCfg = Debug|Any CPU
		{C4BABE3A-5995-46FE-83F4-6F7D23B49296}.Debug|Any CPU.Build.0 = Debug|Any CPU
		{C4BABE3A-5995-46FE-83F4-6F7D23B49296}.Release|Any CPU.ActiveCfg = Release|Any CPU
		{C4BABE3A-5995-46FE-83F4-6F7D23B49296}.Release|Any CPU.Build.0 = Release|Any CPU
	EndGlobalSection
	GlobalSection(SolutionProperties) = preSolution
		HideSolutionNode = FALSE
	EndGlobalSection
	GlobalSection(ExtensibilityGlobals) = postSolution
		SolutionGuid = {5346EFC5-0DA3-4129-B9E7-1B2F66E5A4B1}
	EndGlobalSection
EndGlobal
