
Microsoft Visual Studio Solution File, Format Version 12.00
# Visual Studio Version 17
VisualStudioVersion = 17.8.34408.163
MinimumVisualStudioVersion = 10.0.40219.1
Project("{FAE04EC0-301F-11D3-BF4B-00C04F79EFBC}") = "BaiTapOOP_TrenLop", "BaiTapOOP_TrenLop\BaiTapOOP_TrenLop.csproj", "{480CBD0E-ED92-4011-AF14-197E4ED3C940}"
EndProject
Project("{FAE04EC0-301F-11D3-BF4B-00C04F79EFBC}") = "BaiTapBuoi4_OOP", "BaiTapBuoi4_OOP\BaiTapBuoi4_OOP.csproj", "{A662E8AE-514F-4C53-A1F9-24440E010FD9}"
EndProject
Project("{FAE04EC0-301F-11D3-BF4B-00C04F79EFBC}") = "BaiTapBuoi05", "BaiTapBuoi05\BaiTapBuoi05.csproj", "{46BDE2AE-6D8C-4EDD-B9C3-6330CDAFC6D8}"
EndProject
Global
	GlobalSection(SolutionConfigurationPlatforms) = preSolution
		Debug|Any CPU = Debug|Any CPU
		Release|Any CPU = Release|Any CPU
	EndGlobalSection
	GlobalSection(ProjectConfigurationPlatforms) = postSolution
		{480CBD0E-ED92-4011-AF14-197E4ED3C940}.Debug|Any CPU.ActiveCfg = Debug|Any CPU
		{480CBD0E-ED92-4011-AF14-197E4ED3C940}.Debug|Any CPU.Build.0 = Debug|Any CPU
		{480CBD0E-ED92-4011-AF14-197E4ED3C940}.Release|Any CPU.ActiveCfg = Release|Any CPU
		{480CBD0E-ED92-4011-AF14-197E4ED3C940}.Release|Any CPU.Build.0 = Release|Any CPU
		{A662E8AE-514F-4C53-A1F9-24440E010FD9}.Debug|Any CPU.ActiveCfg = Debug|Any CPU
		{A662E8AE-514F-4C53-A1F9-24440E010FD9}.Debug|Any CPU.Build.0 = Debug|Any CPU
		{A662E8AE-514F-4C53-A1F9-24440E010FD9}.Release|Any CPU.ActiveCfg = Release|Any CPU
		{A662E8AE-514F-4C53-A1F9-24440E010FD9}.Release|Any CPU.Build.0 = Release|Any CPU
		{46BDE2AE-6D8C-4EDD-B9C3-6330CDAFC6D8}.Debug|Any CPU.ActiveCfg = Debug|Any CPU
		{46BDE2AE-6D8C-4EDD-B9C3-6330CDAFC6D8}.Debug|Any CPU.Build.0 = Debug|Any CPU
		{46BDE2AE-6D8C-4EDD-B9C3-6330CDAFC6D8}.Release|Any CPU.ActiveCfg = Release|Any CPU
		{46BDE2AE-6D8C-4EDD-B9C3-6330CDAFC6D8}.Release|Any CPU.Build.0 = Release|Any CPU
	EndGlobalSection
	GlobalSection(SolutionProperties) = preSolution
		HideSolutionNode = FALSE
	EndGlobalSection
	GlobalSection(ExtensibilityGlobals) = postSolution
		SolutionGuid = {3D6FD89F-34D1-4888-AEA4-8B45AD1AEF76}
	EndGlobalSection
EndGlobal
