
Microsoft Visual Studio Solution File, Format Version 12.00
# Visual Studio Version 17
VisualStudioVersion = 17.7.34031.279
MinimumVisualStudioVersion = 10.0.40219.1
Project("{FAE04EC0-301F-11D3-BF4B-00C04F79EFBC}") = "GUI_QLSinhVien", "GUI_QLSinhVien\GUI_QLSinhVien.csproj", "{8AE4EBC7-21D7-4B01-94C4-EEFA3116452E}"
EndProject
Project("{FAE04EC0-301F-11D3-BF4B-00C04F79EFBC}") = "DAL_QLSinhVien", "DAL_QLSinhVien\DAL_QLSinhVien.csproj", "{ADC8A7A2-9B95-4061-B97E-133D857FE0A1}"
EndProject
Project("{FAE04EC0-301F-11D3-BF4B-00C04F79EFBC}") = "DTO_QLSinhVien", "DTO_QLSinhVien\DTO_QLSinhVien.csproj", "{93E787B3-9AFC-4FEF-88D5-3C827FB21BB9}"
EndProject
Project("{FAE04EC0-301F-11D3-BF4B-00C04F79EFBC}") = "BLL_QLSinhVien", "BLL_QLSinhVien\BLL_QLSinhVien.csproj", "{3E4D34C3-0E86-4A11-8483-006D1BD353C8}"
EndProject
Global
	GlobalSection(SolutionConfigurationPlatforms) = preSolution
		Debug|Any CPU = Debug|Any CPU
		Release|Any CPU = Release|Any CPU
	EndGlobalSection
	GlobalSection(ProjectConfigurationPlatforms) = postSolution
		{8AE4EBC7-21D7-4B01-94C4-EEFA3116452E}.Debug|Any CPU.ActiveCfg = Debug|Any CPU
		{8AE4EBC7-21D7-4B01-94C4-EEFA3116452E}.Debug|Any CPU.Build.0 = Debug|Any CPU
		{8AE4EBC7-21D7-4B01-94C4-EEFA3116452E}.Release|Any CPU.ActiveCfg = Release|Any CPU
		{8AE4EBC7-21D7-4B01-94C4-EEFA3116452E}.Release|Any CPU.Build.0 = Release|Any CPU
		{ADC8A7A2-9B95-4061-B97E-133D857FE0A1}.Debug|Any CPU.ActiveCfg = Debug|Any CPU
		{ADC8A7A2-9B95-4061-B97E-133D857FE0A1}.Debug|Any CPU.Build.0 = Debug|Any CPU
		{ADC8A7A2-9B95-4061-B97E-133D857FE0A1}.Release|Any CPU.ActiveCfg = Release|Any CPU
		{ADC8A7A2-9B95-4061-B97E-133D857FE0A1}.Release|Any CPU.Build.0 = Release|Any CPU
		{93E787B3-9AFC-4FEF-88D5-3C827FB21BB9}.Debug|Any CPU.ActiveCfg = Debug|Any CPU
		{93E787B3-9AFC-4FEF-88D5-3C827FB21BB9}.Debug|Any CPU.Build.0 = Debug|Any CPU
		{93E787B3-9AFC-4FEF-88D5-3C827FB21BB9}.Release|Any CPU.ActiveCfg = Release|Any CPU
		{93E787B3-9AFC-4FEF-88D5-3C827FB21BB9}.Release|Any CPU.Build.0 = Release|Any CPU
		{3E4D34C3-0E86-4A11-8483-006D1BD353C8}.Debug|Any CPU.ActiveCfg = Debug|Any CPU
		{3E4D34C3-0E86-4A11-8483-006D1BD353C8}.Debug|Any CPU.Build.0 = Debug|Any CPU
		{3E4D34C3-0E86-4A11-8483-006D1BD353C8}.Release|Any CPU.ActiveCfg = Release|Any CPU
		{3E4D34C3-0E86-4A11-8483-006D1BD353C8}.Release|Any CPU.Build.0 = Release|Any CPU
	EndGlobalSection
	GlobalSection(SolutionProperties) = preSolution
		HideSolutionNode = FALSE
	EndGlobalSection
	GlobalSection(ExtensibilityGlobals) = postSolution
		SolutionGuid = {E4A16C0B-5EE0-48D0-AB76-9CEAFDA7B887}
	EndGlobalSection
EndGlobal
