
Microsoft Visual Studio Solution File, Format Version 12.00
# Visual Studio Version 17
VisualStudioVersion = 17.7.34031.279
MinimumVisualStudioVersion = 10.0.40219.1
Project("{8BC9CEB8-8B4A-11D0-8D11-00A0C91BC942}") = "Project1", "Project1\Project1.vcxproj", "{C70ADCBE-3D8D-4422-986A-5E30258370F0}"
EndProject
Project("{8BC9CEB8-8B4A-11D0-8D11-00A0C91BC942}") = "ONTAPTHICUOIKY", "ONTAPTHICUOIKY\ONTAPTHICUOIKY.vcxproj", "{C61F8259-37D1-4540-A0F4-863D84D821F9}"
EndProject
Project("{8BC9CEB8-8B4A-11D0-8D11-00A0C91BC942}") = "CHUOI_KyTu", "CHUOI_KyTu\CHUOI_KyTu.vcxproj", "{2627CD86-71DC-4BB0-9B4C-A141EE4F66E4}"
EndProject
Project("{8BC9CEB8-8B4A-11D0-8D11-00A0C91BC942}") = "MANG_2_CHIEU", "MANG_2_CHIEU\MANG_2_CHIEU.vcxproj", "{0CF3BDD4-0C91-4FD9-813E-98758804BBE8}"
EndProject
Global
	GlobalSection(SolutionConfigurationPlatforms) = preSolution
		Debug|x64 = Debug|x64
		Debug|x86 = Debug|x86
		Release|x64 = Release|x64
		Release|x86 = Release|x86
	EndGlobalSection
	GlobalSection(ProjectConfigurationPlatforms) = postSolution
		{C70ADCBE-3D8D-4422-986A-5E30258370F0}.Debug|x64.ActiveCfg = Debug|x64
		{C70ADCBE-3D8D-4422-986A-5E30258370F0}.Debug|x64.Build.0 = Debug|x64
		{C70ADCBE-3D8D-4422-986A-5E30258370F0}.Debug|x86.ActiveCfg = Debug|Win32
		{C70ADCBE-3D8D-4422-986A-5E30258370F0}.Debug|x86.Build.0 = Debug|Win32
		{C70ADCBE-3D8D-4422-986A-5E30258370F0}.Release|x64.ActiveCfg = Release|x64
		{C70ADCBE-3D8D-4422-986A-5E30258370F0}.Release|x64.Build.0 = Release|x64
		{C70ADCBE-3D8D-4422-986A-5E30258370F0}.Release|x86.ActiveCfg = Release|Win32
		{C70ADCBE-3D8D-4422-986A-5E30258370F0}.Release|x86.Build.0 = Release|Win32
		{C61F8259-37D1-4540-A0F4-863D84D821F9}.Debug|x64.ActiveCfg = Debug|x64
		{C61F8259-37D1-4540-A0F4-863D84D821F9}.Debug|x64.Build.0 = Debug|x64
		{C61F8259-37D1-4540-A0F4-863D84D821F9}.Debug|x86.ActiveCfg = Debug|Win32
		{C61F8259-37D1-4540-A0F4-863D84D821F9}.Debug|x86.Build.0 = Debug|Win32
		{C61F8259-37D1-4540-A0F4-863D84D821F9}.Release|x64.ActiveCfg = Release|x64
		{C61F8259-37D1-4540-A0F4-863D84D821F9}.Release|x64.Build.0 = Release|x64
		{C61F8259-37D1-4540-A0F4-863D84D821F9}.Release|x86.ActiveCfg = Release|Win32
		{C61F8259-37D1-4540-A0F4-863D84D821F9}.Release|x86.Build.0 = Release|Win32
		{2627CD86-71DC-4BB0-9B4C-A141EE4F66E4}.Debug|x64.ActiveCfg = Debug|x64
		{2627CD86-71DC-4BB0-9B4C-A141EE4F66E4}.Debug|x64.Build.0 = Debug|x64
		{2627CD86-71DC-4BB0-9B4C-A141EE4F66E4}.Debug|x86.ActiveCfg = Debug|Win32
		{2627CD86-71DC-4BB0-9B4C-A141EE4F66E4}.Debug|x86.Build.0 = Debug|Win32
		{2627CD86-71DC-4BB0-9B4C-A141EE4F66E4}.Release|x64.ActiveCfg = Release|x64
		{2627CD86-71DC-4BB0-9B4C-A141EE4F66E4}.Release|x64.Build.0 = Release|x64
		{2627CD86-71DC-4BB0-9B4C-A141EE4F66E4}.Release|x86.ActiveCfg = Release|Win32
		{2627CD86-71DC-4BB0-9B4C-A141EE4F66E4}.Release|x86.Build.0 = Release|Win32
		{0CF3BDD4-0C91-4FD9-813E-98758804BBE8}.Debug|x64.ActiveCfg = Debug|x64
		{0CF3BDD4-0C91-4FD9-813E-98758804BBE8}.Debug|x64.Build.0 = Debug|x64
		{0CF3BDD4-0C91-4FD9-813E-98758804BBE8}.Debug|x86.ActiveCfg = Debug|Win32
		{0CF3BDD4-0C91-4FD9-813E-98758804BBE8}.Debug|x86.Build.0 = Debug|Win32
		{0CF3BDD4-0C91-4FD9-813E-98758804BBE8}.Release|x64.ActiveCfg = Release|x64
		{0CF3BDD4-0C91-4FD9-813E-98758804BBE8}.Release|x64.Build.0 = Release|x64
		{0CF3BDD4-0C91-4FD9-813E-98758804BBE8}.Release|x86.ActiveCfg = Release|Win32
		{0CF3BDD4-0C91-4FD9-813E-98758804BBE8}.Release|x86.Build.0 = Release|Win32
	EndGlobalSection
	GlobalSection(SolutionProperties) = preSolution
		HideSolutionNode = FALSE
	EndGlobalSection
	GlobalSection(ExtensibilityGlobals) = postSolution
		SolutionGuid = {0E467A8C-3C4E-4205-92EA-9E377D875BE9}
	EndGlobalSection
EndGlobal
