
Microsoft Visual Studio Solution File, Format Version 12.00
# Visual Studio Version 17
VisualStudioVersion = 17.7.34031.279
MinimumVisualStudioVersion = 10.0.40219.1
Project("{FAE04EC0-301F-11D3-BF4B-00C04F79EFBC}") = "THINH_OOP", "THINH_OOP\THINH_OOP.csproj", "{F435BFF3-D839-41B4-A027-9138AEAF3FD6}"
EndProject
Project("{FAE04EC0-301F-11D3-BF4B-00C04F79EFBC}") = "Bai2_SVTuLam", "Bai2_SVTuLam\Bai2_SVTuLam.csproj", "{7274DAEA-1B6C-4B70-9972-3101DF84384D}"
EndProject
Project("{FAE04EC0-301F-11D3-BF4B-00C04F79EFBC}") = "BaiTap3_VeNha", "BaiTap3_VeNha\BaiTap3_VeNha.csproj", "{6D329A54-A39E-4749-B287-44C1A200C4B3}"
EndProject
Project("{FAE04EC0-301F-11D3-BF4B-00C04F79EFBC}") = "Bai4_BTVN", "Bai4_BTVN\Bai4_BTVN.csproj", "{089CC24E-6DCE-4660-8824-98BCCEEDEFD3}"
EndProject
Project("{FAE04EC0-301F-11D3-BF4B-00C04F79EFBC}") = "Bai5_Interface", "Bai5_Interface\Bai5_Interface.csproj", "{BD58F804-F9E4-417A-AB55-2ABC5BAB22E1}"
EndProject
Global
	GlobalSection(SolutionConfigurationPlatforms) = preSolution
		Debug|Any CPU = Debug|Any CPU
		Release|Any CPU = Release|Any CPU
	EndGlobalSection
	GlobalSection(ProjectConfigurationPlatforms) = postSolution
		{F435BFF3-D839-41B4-A027-9138AEAF3FD6}.Debug|Any CPU.ActiveCfg = Debug|Any CPU
		{F435BFF3-D839-41B4-A027-9138AEAF3FD6}.Debug|Any CPU.Build.0 = Debug|Any CPU
		{F435BFF3-D839-41B4-A027-9138AEAF3FD6}.Release|Any CPU.ActiveCfg = Release|Any CPU
		{F435BFF3-D839-41B4-A027-9138AEAF3FD6}.Release|Any CPU.Build.0 = Release|Any CPU
		{7274DAEA-1B6C-4B70-9972-3101DF84384D}.Debug|Any CPU.ActiveCfg = Debug|Any CPU
		{7274DAEA-1B6C-4B70-9972-3101DF84384D}.Debug|Any CPU.Build.0 = Debug|Any CPU
		{7274DAEA-1B6C-4B70-9972-3101DF84384D}.Release|Any CPU.ActiveCfg = Release|Any CPU
		{7274DAEA-1B6C-4B70-9972-3101DF84384D}.Release|Any CPU.Build.0 = Release|Any CPU
		{6D329A54-A39E-4749-B287-44C1A200C4B3}.Debug|Any CPU.ActiveCfg = Debug|Any CPU
		{6D329A54-A39E-4749-B287-44C1A200C4B3}.Debug|Any CPU.Build.0 = Debug|Any CPU
		{6D329A54-A39E-4749-B287-44C1A200C4B3}.Release|Any CPU.ActiveCfg = Release|Any CPU
		{6D329A54-A39E-4749-B287-44C1A200C4B3}.Release|Any CPU.Build.0 = Release|Any CPU
		{089CC24E-6DCE-4660-8824-98BCCEEDEFD3}.Debug|Any CPU.ActiveCfg = Debug|Any CPU
		{089CC24E-6DCE-4660-8824-98BCCEEDEFD3}.Debug|Any CPU.Build.0 = Debug|Any CPU
		{089CC24E-6DCE-4660-8824-98BCCEEDEFD3}.Release|Any CPU.ActiveCfg = Release|Any CPU
		{089CC24E-6DCE-4660-8824-98BCCEEDEFD3}.Release|Any CPU.Build.0 = Release|Any CPU
		{BD58F804-F9E4-417A-AB55-2ABC5BAB22E1}.Debug|Any CPU.ActiveCfg = Debug|Any CPU
		{BD58F804-F9E4-417A-AB55-2ABC5BAB22E1}.Debug|Any CPU.Build.0 = Debug|Any CPU
		{BD58F804-F9E4-417A-AB55-2ABC5BAB22E1}.Release|Any CPU.ActiveCfg = Release|Any CPU
		{BD58F804-F9E4-417A-AB55-2ABC5BAB22E1}.Release|Any CPU.Build.0 = Release|Any CPU
	EndGlobalSection
	GlobalSection(SolutionProperties) = preSolution
		HideSolutionNode = FALSE
	EndGlobalSection
	GlobalSection(ExtensibilityGlobals) = postSolution
		SolutionGuid = {CDD86579-B0F8-43D1-B961-30441656B0AE}
	EndGlobalSection
EndGlobal
